// !$*UTF8*$!
{
	archiveVersion = 1;
	classes = {
	};
	objectVersion = 46;
	objects = {

/* Begin PBXBuildFile section */
		5976C04415925D2D007F6FC3 /* UIKit.framework in Frameworks */ = {isa = PBXBuildFile; fileRef = 5976C04315925D2D007F6FC3 /* UIKit.framework */; };
		5976C04615925D2D007F6FC3 /* Foundation.framework in Frameworks */ = {isa = PBXBuildFile; fileRef = 5976C04515925D2D007F6FC3 /* Foundation.framework */; };
		5976C04815925D2D007F6FC3 /* CoreGraphics.framework in Frameworks */ = {isa = PBXBuildFile; fileRef = 5976C04715925D2D007F6FC3 /* CoreGraphics.framework */; };
		5976C04E15925D2D007F6FC3 /* InfoPlist.strings in Resources */ = {isa = PBXBuildFile; fileRef = 5976C04C15925D2D007F6FC3 /* InfoPlist.strings */; };
		5976C05015925D2D007F6FC3 /* main.m in Sources */ = {isa = PBXBuildFile; fileRef = 5976C04F15925D2D007F6FC3 /* main.m */; };
		5976C05415925D2D007F6FC3 /* AppDelegate.m in Sources */ = {isa = PBXBuildFile; fileRef = 5976C05315925D2D007F6FC3 /* AppDelegate.m */; };
		5976C05715925D2D007F6FC3 /* ViewController.m in Sources */ = {isa = PBXBuildFile; fileRef = 5976C05615925D2D007F6FC3 /* ViewController.m */; };
		5976C05A15925D2D007F6FC3 /* ViewController_iPhone.xib in Resources */ = {isa = PBXBuildFile; fileRef = 5976C05815925D2D007F6FC3 /* ViewController_iPhone.xib */; };
		5976C05D15925D2D007F6FC3 /* ViewController_iPad.xib in Resources */ = {isa = PBXBuildFile; fileRef = 5976C05B15925D2D007F6FC3 /* ViewController_iPad.xib */; };
		5976C06515925E17007F6FC3 /* add_photo.png in Resources */ = {isa = PBXBuildFile; fileRef = 5976C06415925E17007F6FC3 /* add_photo.png */; };
		5976C06915926324007F6FC3 /* PhotoButton.m in Sources */ = {isa = PBXBuildFile; fileRef = 5976C06815926324007F6FC3 /* PhotoButton.m */; };
		5976C06F15926658007F6FC3 /* PBImageHelper.m in Sources */ = {isa = PBXBuildFile; fileRef = 5976C06E15926658007F6FC3 /* PBImageHelper.m */; };
		5976C0751592D555007F6FC3 /* add_photo_114x114.png in Resources */ = {isa = PBXBuildFile; fileRef = 5976C0741592D555007F6FC3 /* add_photo_114x114.png */; };
		5976C0771592D55D007F6FC3 /* add_photo_57x57.png in Resources */ = {isa = PBXBuildFile; fileRef = 5976C0761592D55D007F6FC3 /* add_photo_57x57.png */; };
/* End PBXBuildFile section */

/* Begin PBXFileReference section */
		5976C03F15925D2D007F6FC3 /* PhotoButton.app */ = {isa = PBXFileReference; explicitFileType = wrapper.application; includeInIndex = 0; path = PhotoButton.app; sourceTree = BUILT_PRODUCTS_DIR; };
		5976C04315925D2D007F6FC3 /* UIKit.framework */ = {isa = PBXFileReference; lastKnownFileType = wrapper.framework; name = UIKit.framework; path = System/Library/Frameworks/UIKit.framework; sourceTree = SDKROOT; };
		5976C04515925D2D007F6FC3 /* Foundation.framework */ = {isa = PBXFileReference; lastKnownFileType = wrapper.framework; name = Foundation.framework; path = System/Library/Frameworks/Foundation.framework; sourceTree = SDKROOT; };
		5976C04715925D2D007F6FC3 /* CoreGraphics.framework */ = {isa = PBXFileReference; lastKnownFileType = wrapper.framework; name = CoreGraphics.framework; path = System/Library/Frameworks/CoreGraphics.framework; sourceTree = SDKROOT; };
		5976C04B15925D2D007F6FC3 /* PhotoButton-Info.plist */ = {isa = PBXFileReference; lastKnownFileType = text.plist.xml; path = "PhotoButton-Info.plist"; sourceTree = "<group>"; };
		5976C04D15925D2D007F6FC3 /* en */ = {isa = PBXFileReference; lastKnownFileType = text.plist.strings; name = en; path = en.lproj/InfoPlist.strings; sourceTree = "<group>"; };
		5976C04F15925D2D007F6FC3 /* main.m */ = {isa = PBXFileReference; lastKnownFileType = sourcecode.c.objc; path = main.m; sourceTree = "<group>"; };
		5976C05115925D2D007F6FC3 /* PhotoButton-Prefix.pch */ = {isa = PBXFileReference; lastKnownFileType = sourcecode.c.h; path = "PhotoButton-Prefix.pch"; sourceTree = "<group>"; };
		5976C05215925D2D007F6FC3 /* AppDelegate.h */ = {isa = PBXFileReference; lastKnownFileType = sourcecode.c.h; path = AppDelegate.h; sourceTree = "<group>"; };
		5976C05315925D2D007F6FC3 /* AppDelegate.m */ = {isa = PBXFileReference; lastKnownFileType = sourcecode.c.objc; path = AppDelegate.m; sourceTree = "<group>"; };
		5976C05515925D2D007F6FC3 /* ViewController.h */ = {isa = PBXFileReference; lastKnownFileType = sourcecode.c.h; path = ViewController.h; sourceTree = "<group>"; };
		5976C05615925D2D007F6FC3 /* ViewController.m */ = {isa = PBXFileReference; lastKnownFileType = sourcecode.c.objc; path = ViewController.m; sourceTree = "<group>"; };
		5976C05915925D2D007F6FC3 /* en */ = {isa = PBXFileReference; lastKnownFileType = file.xib; name = en; path = en.lproj/ViewController_iPhone.xib; sourceTree = "<group>"; };
		5976C05C15925D2D007F6FC3 /* en */ = {isa = PBXFileReference; lastKnownFileType = file.xib; name = en; path = en.lproj/ViewController_iPad.xib; sourceTree = "<group>"; };
		5976C06415925E17007F6FC3 /* add_photo.png */ = {isa = PBXFileReference; lastKnownFileType = image.png; path = add_photo.png; sourceTree = "<group>"; };
		5976C06715926324007F6FC3 /* PhotoButton.h */ = {isa = PBXFileReference; fileEncoding = 4; lastKnownFileType = sourcecode.c.h; path = PhotoButton.h; sourceTree = "<group>"; };
		5976C06815926324007F6FC3 /* PhotoButton.m */ = {isa = PBXFileReference; fileEncoding = 4; lastKnownFileType = sourcecode.c.objc; path = PhotoButton.m; sourceTree = "<group>"; };
		5976C06D15926658007F6FC3 /* PBImageHelper.h */ = {isa = PBXFileReference; fileEncoding = 4; lastKnownFileType = sourcecode.c.h; path = PBImageHelper.h; sourceTree = "<group>"; };
		5976C06E15926658007F6FC3 /* PBImageHelper.m */ = {isa = PBXFileReference; fileEncoding = 4; lastKnownFileType = sourcecode.c.objc; path = PBImageHelper.m; sourceTree = "<group>"; };
		5976C0741592D555007F6FC3 /* add_photo_114x114.png */ = {isa = PBXFileReference; lastKnownFileType = image.png; path = add_photo_114x114.png; sourceTree = "<group>"; };
		5976C0761592D55D007F6FC3 /* add_photo_57x57.png */ = {isa = PBXFileReference; lastKnownFileType = image.png; path = add_photo_57x57.png; sourceTree = "<group>"; };
/* End PBXFileReference section */

/* Begin PBXFrameworksBuildPhase section */
		5976C03C15925D2D007F6FC3 /* Frameworks */ = {
			isa = PBXFrameworksBuildPhase;
			buildActionMask = 2147483647;
			files = (
				5976C04415925D2D007F6FC3 /* UIKit.framework in Frameworks */,
				5976C04615925D2D007F6FC3 /* Foundation.framework in Frameworks */,
				5976C04815925D2D007F6FC3 /* CoreGraphics.framework in Frameworks */,
			);
			runOnlyForDeploymentPostprocessing = 0;
		};
/* End PBXFrameworksBuildPhase section */

/* Begin PBXGroup section */
		5976C03415925D2D007F6FC3 = {
			isa = PBXGroup;
			children = (
				5976C0761592D55D007F6FC3 /* add_photo_57x57.png */,
				5976C0741592D555007F6FC3 /* add_photo_114x114.png */,
				5976C06615926324007F6FC3 /* Classes */,
				5976C06315925E17007F6FC3 /* Images */,
				5976C04915925D2D007F6FC3 /* PhotoButton */,
				5976C04215925D2D007F6FC3 /* Frameworks */,
				5976C04015925D2D007F6FC3 /* Products */,
			);
			sourceTree = "<group>";
		};
		5976C04015925D2D007F6FC3 /* Products */ = {
			isa = PBXGroup;
			children = (
				5976C03F15925D2D007F6FC3 /* PhotoButton.app */,
			);
			name = Products;
			sourceTree = "<group>";
		};
		5976C04215925D2D007F6FC3 /* Frameworks */ = {
			isa = PBXGroup;
			children = (
				5976C04315925D2D007F6FC3 /* UIKit.framework */,
				5976C04515925D2D007F6FC3 /* Foundation.framework */,
				5976C04715925D2D007F6FC3 /* CoreGraphics.framework */,
			);
			name = Frameworks;
			sourceTree = "<group>";
		};
		5976C04915925D2D007F6FC3 /* PhotoButton */ = {
			isa = PBXGroup;
			children = (
				5976C05215925D2D007F6FC3 /* AppDelegate.h */,
				5976C05315925D2D007F6FC3 /* AppDelegate.m */,
				5976C05515925D2D007F6FC3 /* ViewController.h */,
				5976C05615925D2D007F6FC3 /* ViewController.m */,
				5976C05815925D2D007F6FC3 /* ViewController_iPhone.xib */,
				5976C05B15925D2D007F6FC3 /* ViewController_iPad.xib */,
				5976C04A15925D2D007F6FC3 /* Supporting Files */,
			);
			path = PhotoButton;
			sourceTree = "<group>";
		};
		5976C04A15925D2D007F6FC3 /* Supporting Files */ = {
			isa = PBXGroup;
			children = (
				5976C04B15925D2D007F6FC3 /* PhotoButton-Info.plist */,
				5976C04C15925D2D007F6FC3 /* InfoPlist.strings */,
				5976C04F15925D2D007F6FC3 /* main.m */,
				5976C05115925D2D007F6FC3 /* PhotoButton-Prefix.pch */,
			);
			name = "Supporting Files";
			sourceTree = "<group>";
		};
		5976C06315925E17007F6FC3 /* Images */ = {
			isa = PBXGroup;
			children = (
				5976C06415925E17007F6FC3 /* add_photo.png */,
			);
			name = Images;
			path = PhotoButton/Images;
			sourceTree = "<group>";
		};
		5976C06615926324007F6FC3 /* Classes */ = {
			isa = PBXGroup;
			children = (
				5976C06D15926658007F6FC3 /* PBImageHelper.h */,
				5976C06E15926658007F6FC3 /* PBImageHelper.m */,
				5976C06715926324007F6FC3 /* PhotoButton.h */,
				5976C06815926324007F6FC3 /* PhotoButton.m */,
			);
			name = Classes;
			path = PhotoButton/Classes;
			sourceTree = "<group>";
		};
/* End PBXGroup section */

/* Begin PBXNativeTarget section */
		5976C03E15925D2D007F6FC3 /* PhotoButton */ = {
			isa = PBXNativeTarget;
			buildConfigurationList = 5976C06015925D2D007F6FC3 /* Build configuration list for PBXNativeTarget "PhotoButton" */;
			buildPhases = (
				5976C03B15925D2D007F6FC3 /* Sources */,
				5976C03C15925D2D007F6FC3 /* Frameworks */,
				5976C03D15925D2D007F6FC3 /* Resources */,
			);
			buildRules = (
			);
			dependencies = (
			);
			name = PhotoButton;
			productName = PhotoButton;
			productReference = 5976C03F15925D2D007F6FC3 /* PhotoButton.app */;
			productType = "com.apple.product-type.application";
		};
/* End PBXNativeTarget section */

/* Begin PBXProject section */
		5976C03615925D2D007F6FC3 /* Project object */ = {
			isa = PBXProject;
			attributes = {
				LastUpgradeCheck = 0430;
			};
			buildConfigurationList = 5976C03915925D2D007F6FC3 /* Build configuration list for PBXProject "PhotoButton" */;
			compatibilityVersion = "Xcode 3.2";
			developmentRegion = English;
			hasScannedForEncodings = 0;
			knownRegions = (
				en,
			);
			mainGroup = 5976C03415925D2D007F6FC3;
			productRefGroup = 5976C04015925D2D007F6FC3 /* Products */;
			projectDirPath = "";
			projectRoot = "";
			targets = (
				5976C03E15925D2D007F6FC3 /* PhotoButton */,
			);
		};
/* End PBXProject section */

/* Begin PBXResourcesBuildPhase section */
		5976C03D15925D2D007F6FC3 /* Resources */ = {
			isa = PBXResourcesBuildPhase;
			buildActionMask = 2147483647;
			files = (
				5976C04E15925D2D007F6FC3 /* InfoPlist.strings in Resources */,
				5976C05A15925D2D007F6FC3 /* ViewController_iPhone.xib in Resources */,
				5976C05D15925D2D007F6FC3 /* ViewController_iPad.xib in Resources */,
				5976C06515925E17007F6FC3 /* add_photo.png in Resources */,
				5976C0751592D555007F6FC3 /* add_photo_114x114.png in Resources */,
				5976C0771592D55D007F6FC3 /* add_photo_57x57.png in Resources */,
			);
			runOnlyForDeploymentPostprocessing = 0;
		};
/* End PBXResourcesBuildPhase section */

/* Begin PBXSourcesBuildPhase section */
		5976C03B15925D2D007F6FC3 /* Sources */ = {
			isa = PBXSourcesBuildPhase;
			buildActionMask = 2147483647;
			files = (
				5976C05015925D2D007F6FC3 /* main.m in Sources */,
				5976C05415925D2D007F6FC3 /* AppDelegate.m in Sources */,
				5976C05715925D2D007F6FC3 /* ViewController.m in Sources */,
				5976C06915926324007F6FC3 /* PhotoButton.m in Sources */,
				5976C06F15926658007F6FC3 /* PBImageHelper.m in Sources */,
			);
			runOnlyForDeploymentPostprocessing = 0;
		};
/* End PBXSourcesBuildPhase section */

/* Begin PBXVariantGroup section */
		5976C04C15925D2D007F6FC3 /* InfoPlist.strings */ = {
			isa = PBXVariantGroup;
			children = (
				5976C04D15925D2D007F6FC3 /* en */,
			);
			name = InfoPlist.strings;
			sourceTree = "<group>";
		};
		5976C05815925D2D007F6FC3 /* ViewController_iPhone.xib */ = {
			isa = PBXVariantGroup;
			children = (
				5976C05915925D2D007F6FC3 /* en */,
			);
			name = ViewController_iPhone.xib;
			sourceTree = "<group>";
		};
		5976C05B15925D2D007F6FC3 /* ViewController_iPad.xib */ = {
			isa = PBXVariantGroup;
			children = (
				5976C05C15925D2D007F6FC3 /* en */,
			);
			name = ViewController_iPad.xib;
			sourceTree = "<group>";
		};
/* End PBXVariantGroup section */

/* Begin XCBuildConfiguration section */
		5976C05E15925D2D007F6FC3 /* Debug */ = {
			isa = XCBuildConfiguration;
			buildSettings = {
				ALWAYS_SEARCH_USER_PATHS = NO;
				ARCHS = "$(ARCHS_STANDARD_32_BIT)";
				CLANG_ENABLE_OBJC_ARC = YES;
				"CODE_SIGN_IDENTITY[sdk=iphoneos*]" = "iPhone Developer: Constantine Krotcov (8ZZL46932V)";
				COPY_PHASE_STRIP = NO;
				GCC_C_LANGUAGE_STANDARD = gnu99;
				GCC_DYNAMIC_NO_PIC = NO;
				GCC_OPTIMIZATION_LEVEL = 0;
				GCC_PREPROCESSOR_DEFINITIONS = (
					"DEBUG=1",
					"$(inherited)",
				);
				GCC_SYMBOLS_PRIVATE_EXTERN = NO;
				GCC_VERSION = com.apple.compilers.llvm.clang.1_0;
				GCC_WARN_ABOUT_RETURN_TYPE = YES;
				GCC_WARN_UNINITIALIZED_AUTOS = YES;
				GCC_WARN_UNUSED_VARIABLE = YES;
				IPHONEOS_DEPLOYMENT_TARGET = 5.1;
				"PROVISIONING_PROFILE[sdk=iphoneos*]" = "6DE0252A-D5CD-4A06-875D-823F29C36F79";
				SDKROOT = iphoneos;
				TARGETED_DEVICE_FAMILY = "1,2";
			};
			name = Debug;
		};
		5976C05F15925D2D007F6FC3 /* Release */ = {
			isa = XCBuildConfiguration;
			buildSettings = {
				ALWAYS_SEARCH_USER_PATHS = NO;
				ARCHS = "$(ARCHS_STANDARD_32_BIT)";
				CLANG_ENABLE_OBJC_ARC = YES;
				"CODE_SIGN_IDENTITY[sdk=iphoneos*]" = "iPhone Developer: Constantine Krotcov (8ZZL46932V)";
				COPY_PHASE_STRIP = YES;
				GCC_C_LANGUAGE_STANDARD = gnu99;
				GCC_VERSION = com.apple.compilers.llvm.clang.1_0;
				GCC_WARN_ABOUT_RETURN_TYPE = YES;
				GCC_WARN_UNINITIALIZED_AUTOS = YES;
				GCC_WARN_UNUSED_VARIABLE = YES;
				IPHONEOS_DEPLOYMENT_TARGET = 5.1;
				OTHER_CFLAGS = "-DNS_BLOCK_ASSERTIONS=1";
				"PROVISIONING_PROFILE[sdk=iphoneos*]" = "6DE0252A-D5CD-4A06-875D-823F29C36F79";
				SDKROOT = iphoneos;
				TARGETED_DEVICE_FAMILY = "1,2";
				VALIDATE_PRODUCT = YES;
			};
			name = Release;
		};
		5976C06115925D2D007F6FC3 /* Debug */ = {
			isa = XCBuildConfiguration;
			buildSettings = {
				GCC_PRECOMPILE_PREFIX_HEADER = YES;
				GCC_PREFIX_HEADER = "PhotoButton/PhotoButton-Prefix.pch";
				INFOPLIST_FILE = "PhotoButton/PhotoButton-Info.plist";
				PRODUCT_NAME = "$(TARGET_NAME)";
				WRAPPER_EXTENSION = app;
			};
			name = Debug;
		};
		5976C06215925D2D007F6FC3 /* Release */ = {
			isa = XCBuildConfiguration;
			buildSettings = {
				GCC_PRECOMPILE_PREFIX_HEADER = YES;
				GCC_PREFIX_HEADER = "PhotoButton/PhotoButton-Prefix.pch";
				INFOPLIST_FILE = "PhotoButton/PhotoButton-Info.plist";
				PRODUCT_NAME = "$(TARGET_NAME)";
				WRAPPER_EXTENSION = app;
			};
			name = Release;
		};
/* End XCBuildConfiguration section */

/* Begin XCConfigurationList section */
		5976C03915925D2D007F6FC3 /* Build configuration list for PBXProject "PhotoButton" */ = {
			isa = XCConfigurationList;
			buildConfigurations = (
				5976C05E15925D2D007F6FC3 /* Debug */,
				5976C05F15925D2D007F6FC3 /* Release */,
			);
			defaultConfigurationIsVisible = 0;
			defaultConfigurationName = Release;
		};
		5976C06015925D2D007F6FC3 /* Build configuration list for PBXNativeTarget "PhotoButton" */ = {
			isa = XCConfigurationList;
			buildConfigurations = (
				5976C06115925D2D007F6FC3 /* Debug */,
				5976C06215925D2D007F6FC3 /* Release */,
			);
			defaultConfigurationIsVisible = 0;
		};
/* End XCConfigurationList section */
	};
	rootObject = 5976C03615925D2D007F6FC3 /* Project object */;
}
